github.com/geekip/mux v1.0.0 h1:f1+yRLl4oinO8HhmSCxkdMUzreHmau4j/u4q+qZs1sM=
github.com/geekip/mux v1.0.0/go.mod h1:fTafhOVaHAmP5HF+flaARhWiB+yskFLj5nGgJ7pw14w=
github.com/yuin/gopher-lua v1.1.1 h1:kYKnWBjvbNP4XLT3+bPEwAXJx262OhaHDWDVOPjL46M=
github.com/yuin/gopher-lua v1.1.1/go.mod h1:GBR0iDaNXjAgGg9zfCvksxSRnQx76gclCIb7kdAd1Pw=
